
Microsoft Visual Studio Solution File, Format Version 12.00
# Visual Studio 14
VisualStudioVersion = 14.0.25123.0
MinimumVisualStudioVersion = 10.0.40219.1
Project("{FAE04EC0-301F-11D3-BF4B-00C04F79EFBC}") = "ServerSync", "ServerSync\ServerSync.csproj", "{2975E6E6-27EC-482B-BAE2-2E6ED9D2A8A7}"
EndProject
Project("{FAE04EC0-301F-11D3-BF4B-00C04F79EFBC}") = "ServerSyncTest", "ServerSyncTest\ServerSyncTest.csproj", "{592C8332-B766-4148-858C-06251B0C2A0D}"
EndProject
Project("{FAE04EC0-301F-11D3-BF4B-00C04F79EFBC}") = "SharedLibraries", "ClassLibrary1\SharedLibraries.csproj", "{8C919FE0-80C7-48E8-8428-E368D2DDF329}"
EndProject
Global
	GlobalSection(SolutionConfigurationPlatforms) = preSolution
		Debug|Any CPU = Debug|Any CPU
		Release|Any CPU = Release|Any CPU
	EndGlobalSection
	GlobalSection(ProjectConfigurationPlatforms) = postSolution
		{2975E6E6-27EC-482B-BAE2-2E6ED9D2A8A7}.Debug|Any CPU.ActiveCfg = Debug|Any CPU
		{2975E6E6-27EC-482B-BAE2-2E6ED9D2A8A7}.Debug|Any CPU.Build.0 = Debug|Any CPU
		{2975E6E6-27EC-482B-BAE2-2E6ED9D2A8A7}.Release|Any CPU.ActiveCfg = Release|Any CPU
		{2975E6E6-27EC-482B-BAE2-2E6ED9D2A8A7}.Release|Any CPU.Build.0 = Release|Any CPU
		{592C8332-B766-4148-858C-06251B0C2A0D}.Debug|Any CPU.ActiveCfg = Debug|Any CPU
		{592C8332-B766-4148-858C-06251B0C2A0D}.Debug|Any CPU.Build.0 = Debug|Any CPU
		{592C8332-B766-4148-858C-06251B0C2A0D}.Release|Any CPU.ActiveCfg = Release|Any CPU
		{592C8332-B766-4148-858C-06251B0C2A0D}.Release|Any CPU.Build.0 = Release|Any CPU
		{8C919FE0-80C7-48E8-8428-E368D2DDF329}.Debug|Any CPU.ActiveCfg = Debug|Any CPU
		{8C919FE0-80C7-48E8-8428-E368D2DDF329}.Debug|Any CPU.Build.0 = Debug|Any CPU
		{8C919FE0-80C7-48E8-8428-E368D2DDF329}.Release|Any CPU.ActiveCfg = Release|Any CPU
		{8C919FE0-80C7-48E8-8428-E368D2DDF329}.Release|Any CPU.Build.0 = Release|Any CPU
	EndGlobalSection
	GlobalSection(SolutionProperties) = preSolution
		HideSolutionNode = FALSE
	EndGlobalSection
EndGlobal
